
Microsoft Visual Studio Solution File, Format Version 12.00
# Visual Studio 15
VisualStudioVersion = 15.0.27703.2026
MinimumVisualStudioVersion = 10.0.40219.1
Project("{FAE04EC0-301F-11D3-BF4B-00C04F79EFBC}") = "WebApplicationTest", "WebApplicationTest\WebApplicationTest.csproj", "{B149350C-FF54-44CD-9313-A1ACC51FB51A}"
EndProject
Global
	GlobalSection(SolutionConfigurationPlatforms) = preSolution
		Debug|Any CPU = Debug|Any CPU
		Release|Any CPU = Release|Any CPU
	EndGlobalSection
	GlobalSection(ProjectConfigurationPlatforms) = postSolution
		{B149350C-FF54-44CD-9313-A1ACC51FB51A}.Debug|Any CPU.ActiveCfg = Debug|Any CPU
		{B149350C-FF54-44CD-9313-A1ACC51FB51A}.Debug|Any CPU.Build.0 = Debug|Any CPU
		{B149350C-FF54-44CD-9313-A1ACC51FB51A}.Release|Any CPU.ActiveCfg = Release|Any CPU
		{B149350C-FF54-44CD-9313-A1ACC51FB51A}.Release|Any CPU.Build.0 = Release|Any CPU
	EndGlobalSection
	GlobalSection(SolutionProperties) = preSolution
		HideSolutionNode = FALSE
	EndGlobalSection
	GlobalSection(ExtensibilityGlobals) = postSolution
		SolutionGuid = {A354300A-D0D0-40B0-8CF4-DD89AC3936C5}
	EndGlobalSection
EndGlobal
